# This file is automatically @generated by Cargo.
# It is not intended for manual editing.
version = 3

[[package]]
name = "d01t1"
version = "0.1.0"

[[package]]
name = "d01t2"
version = "0.1.0"

[[package]]
name = "d02t1"
version = "0.1.0"

[[package]]
name = "d02t2"
version = "0.1.0"

[[package]]
name = "d03t1"
version = "0.1.0"

[[package]]
name = "d03t2"
version = "0.1.0"

[[package]]
name = "d04t1"
version = "0.1.0"

[[package]]
name = "d04t2"
version = "0.1.0"

[[package]]
name = "d05t1"
version = "0.1.0"

[[package]]
name = "d05t2"
version = "0.1.0"

[[package]]
name = "d06t1"
version = "0.1.0"

[[package]]
name = "d06t2"
version = "0.1.0"

[[package]]
name = "d07t1"
version = "0.1.0"

[[package]]
name = "d07t2"
version = "0.1.0"

[[package]]
name = "d08t1"
version = "0.1.0"

[[package]]
name = "d08t2"
version = "0.1.0"

[[package]]
name = "d09t1"
version = "0.1.0"

[[package]]
name = "d09t2"
version = "0.1.0"
